
Microsoft Visual Studio Solution File, Format Version 12.00
# Visual Studio Version 16
VisualStudioVersion = 16.0.29326.143
MinimumVisualStudioVersion = 10.0.40219.1
Project("{FAE04EC0-301F-11D3-BF4B-00C04F79EFBC}") = "RestSharpTest", "RestSharpTest\RestSharpTest.csproj", "{5C302595-B965-4496-BC3D-4936D059980C}"
EndProject
Global
	GlobalSection(SolutionConfigurationPlatforms) = preSolution
		Debug|Any CPU = Debug|Any CPU
		Release|Any CPU = Release|Any CPU
	EndGlobalSection
	GlobalSection(ProjectConfigurationPlatforms) = postSolution
		{5C302595-B965-4496-BC3D-4936D059980C}.Debug|Any CPU.ActiveCfg = Debug|Any CPU
		{5C302595-B965-4496-BC3D-4936D059980C}.Debug|Any CPU.Build.0 = Debug|Any CPU
		{5C302595-B965-4496-BC3D-4936D059980C}.Release|Any CPU.ActiveCfg = Release|Any CPU
		{5C302595-B965-4496-BC3D-4936D059980C}.Release|Any CPU.Build.0 = Release|Any CPU
	EndGlobalSection
	GlobalSection(SolutionProperties) = preSolution
		HideSolutionNode = FALSE
	EndGlobalSection
	GlobalSection(ExtensibilityGlobals) = postSolution
		SolutionGuid = {2A937E2E-1E63-49A8-8859-50E6707E880F}
	EndGlobalSection
EndGlobal
